{
    "_meta": {
        "hash": {
            "sha256": "a6cc826abbad4a1d572d7bb00102508b9d3686266c1c96fca242fe2bd67e6e01"
        },
        "pipfile-spec": 6,
        "requires": {
            "python_version": "3.6"
        },
        "sources": [
            {
                "name": "pypi",
                "url": "https://pypi.org/simple",
                "verify_ssl": true
            }
        ]
    },
    "default": {
        "tatsu": {
            "hashes": [
                "sha256:80713413473a009f2081148d0f494884cabaf9d6866b71f2a68a92b6442f343d",
                "sha256:c9211eeee9a2d4c90f69879ec0b518b1aa0d9450249cb0dd181f5f5b18be0a92"
            ],
            "index": "pypi",
            "version": "==4.4.0"
        }
    },
    "develop": {}
}
